# THIS IS AN AUTOGENERATED FILE. DO NOT EDIT THIS FILE DIRECTLY.
# yarn lockfile v1


"autosuggest-trie@^2.1.1":
  "integrity" "sha1-+SxIB87vYy3vRCTML3kKDM3Br3s="
  "resolved" "https://registry.npmjs.org/autosuggest-trie/-/autosuggest-trie-2.1.1.tgz"
  "version" "2.1.1"

"js-levenshtein@^1.1.6":
  "integrity" "sha512-X2BB11YZtrRqY4EnQcLX5Rh373zbK4alC1FW7D7MBhL2gtcC17cTnr6DmfHZeS0s2rTHjUTMMHfG7gO8SSdw+g=="
  "resolved" "https://registry.npmjs.org/js-levenshtein/-/js-levenshtein-1.1.6.tgz"
  "version" "1.1.6"
